<Solution>
  <Project Path="Mosahm.Api/Mosahm.Api.csproj" />
  <Project Path="Mosahm.Application/Mosahm.Application.csproj" />
  <Project Path="Mosahm.Domain/Mosahm.Domain.csproj" />
  <Project Path="Mosahm.Identity/Mosahm.Identity.csproj" />
  <Project Path="Mosahm.Infrastructure/Mosahm.Infrastructure.csproj" />
  <Project Path="Mosahm.Presentation/Mosahm.Presentation.csproj" />
  <Project Path="Mosahm.Presistance/Mosahm.Presistence.csproj" />
</Solution>
